
Microsoft Visual Studio Solution File, Format Version 12.00
# Visual Studio 14
VisualStudioVersion = 14.0.24720.0
MinimumVisualStudioVersion = 10.0.40219.1
Project("{FAE04EC0-301F-11D3-BF4B-00C04F79EFBC}") = "Grommer", "Grommer\Grommer.csproj", "{39D87010-7A52-4E3C-8F7A-B51F64CEBAC6}"
EndProject
Project("{2150E333-8FDC-42A3-9474-1A3956D46DE8}") = ".nuget", ".nuget", "{D105B9C1-20E3-4ACD-B23B-27F473508B8D}"
	ProjectSection(SolutionItems) = preProject
		NuGet.config = NuGet.config
	EndProjectSection
EndProject
Global
	GlobalSection(SolutionConfigurationPlatforms) = preSolution
		Debug|Any CPU = Debug|Any CPU
		Debug|x86 = Debug|x86
		Release|Any CPU = Release|Any CPU
		Release|x86 = Release|x86
	EndGlobalSection
	GlobalSection(ProjectConfigurationPlatforms) = postSolution
		{39D87010-7A52-4E3C-8F7A-B51F64CEBAC6}.Debug|Any CPU.ActiveCfg = Debug|Any CPU
		{39D87010-7A52-4E3C-8F7A-B51F64CEBAC6}.Debug|Any CPU.Build.0 = Debug|Any CPU
		{39D87010-7A52-4E3C-8F7A-B51F64CEBAC6}.Debug|x86.ActiveCfg = Debug|Any CPU
		{39D87010-7A52-4E3C-8F7A-B51F64CEBAC6}.Debug|x86.Build.0 = Debug|Any CPU
		{39D87010-7A52-4E3C-8F7A-B51F64CEBAC6}.Release|Any CPU.ActiveCfg = Release|Any CPU
		{39D87010-7A52-4E3C-8F7A-B51F64CEBAC6}.Release|Any CPU.Build.0 = Release|Any CPU
		{39D87010-7A52-4E3C-8F7A-B51F64CEBAC6}.Release|x86.ActiveCfg = Release|Any CPU
		{39D87010-7A52-4E3C-8F7A-B51F64CEBAC6}.Release|x86.Build.0 = Release|Any CPU
	EndGlobalSection
	GlobalSection(SolutionProperties) = preSolution
		HideSolutionNode = FALSE
	EndGlobalSection
	GlobalSection(TeamFoundationVersionControl) = preSolution
		SccNumberOfProjects = 2
		SccEnterpriseProvider = {4CA58AB2-18FA-4F8D-95D4-32DDF27D184C}
		SccTeamFoundationServer = https://cotoflanders.visualstudio.com/
		SccLocalPath0 = .
		SccProjectUniqueName1 = Grommer\\Grommer.csproj
		SccProjectName1 = Grommer
		SccLocalPath1 = Grommer
	EndGlobalSection
EndGlobal
