
Microsoft Visual Studio Solution File, Format Version 12.00
# Visual Studio 14
VisualStudioVersion = 14.0.24720.0
MinimumVisualStudioVersion = 10.0.40219.1
Project("{FAE04EC0-301F-11D3-BF4B-00C04F79EFBC}") = "advancewebsolution", "advancewebsolution\advancewebsolution.csproj", "{74536C3B-9E94-4518-BDEA-F6F15ACCC16E}"
EndProject
Project("{2150E333-8FDC-42A3-9474-1A3956D46DE8}") = ".nuget", ".nuget", "{60008C67-B809-454B-84B3-ECFFFB67CE5D}"
	ProjectSection(SolutionItems) = preProject
		NuGet.config = NuGet.config
	EndProjectSection
EndProject
Global
	GlobalSection(SolutionConfigurationPlatforms) = preSolution
		Debug|Any CPU = Debug|Any CPU
		Debug|x86 = Debug|x86
		Release|Any CPU = Release|Any CPU
		Release|x86 = Release|x86
	EndGlobalSection
	GlobalSection(ProjectConfigurationPlatforms) = postSolution
		{74536C3B-9E94-4518-BDEA-F6F15ACCC16E}.Debug|Any CPU.ActiveCfg = Debug|Any CPU
		{74536C3B-9E94-4518-BDEA-F6F15ACCC16E}.Debug|Any CPU.Build.0 = Debug|Any CPU
		{74536C3B-9E94-4518-BDEA-F6F15ACCC16E}.Debug|Any CPU.Deploy.0 = Debug|Any CPU
		{74536C3B-9E94-4518-BDEA-F6F15ACCC16E}.Debug|x86.ActiveCfg = Debug|x86
		{74536C3B-9E94-4518-BDEA-F6F15ACCC16E}.Debug|x86.Build.0 = Debug|x86
		{74536C3B-9E94-4518-BDEA-F6F15ACCC16E}.Release|Any CPU.ActiveCfg = Release|Any CPU
		{74536C3B-9E94-4518-BDEA-F6F15ACCC16E}.Release|Any CPU.Build.0 = Release|Any CPU
		{74536C3B-9E94-4518-BDEA-F6F15ACCC16E}.Release|x86.ActiveCfg = Release|x86
		{74536C3B-9E94-4518-BDEA-F6F15ACCC16E}.Release|x86.Build.0 = Release|x86
	EndGlobalSection
	GlobalSection(SolutionProperties) = preSolution
		HideSolutionNode = FALSE
	EndGlobalSection
	GlobalSection(TeamFoundationVersionControl) = preSolution
		SccNumberOfProjects = 1
		SccEnterpriseProvider = {4CA58AB2-18FA-4F8D-95D4-32DDF27D184C}
		SccTeamFoundationServer = https://cotoflanders.visualstudio.com/
		SccProjectUniqueName0 = advancewebsolution\\advancewebsolution.csproj
		SccProjectName0 = advancewebsolution
		SccAuxPath0 = https://cotoflanders.visualstudio.com
		SccLocalPath0 = advancewebsolution
		SccProvider0 = {4CA58AB2-18FA-4F8D-95D4-32DDF27D184C}
	EndGlobalSection
EndGlobal
